<?xml version="1.0" encoding="utf-8"?>
<Project ToolsVersion="4.0" xmlns="http://schemas.microsoft.com/developer/msbuild/2003">
  <ItemGroup>
    <Filter Include="Source Files">
      <UniqueIdentifier>{4FC737F1-C7A5-4376-A066-2A32D752A2FF}</UniqueIdentifier>
      <Extensions>cpp;c;cc;cxx;def;odl;idl;hpj;bat;asm;asmx</Extensions>
    </Filter>
    <Filter Include="Header Files">
      <UniqueIdentifier>{93995380-89BD-4b04-88EB-625FBE52EBFB}</UniqueIdentifier>
      <Extensions>h;hh;hpp;hxx;hm;inl;inc;ipp;xsd</Extensions>
    </Filter>
    <Filter Include="Resource Files">
      <UniqueIdentifier>{67DA6AB6-F800-4c08-8B7A-83BB121AAD01}</UniqueIdentifier>
      <Extensions>rc;ico;cur;bmp;dlg;rc2;rct;bin;rgs;gif;jpg;jpeg;jpe;resx;tiff;tif;png;wav;mfcribbon-ms</Extensions>
    </Filter>
    <Filter Include="Header Files\0001-0100">
      <UniqueIdentifier>{50dc3877-98da-4455-8caf-fe26acf25203}</UniqueIdentifier>
    </Filter>
    <Filter Include="Header Files\Solutions">
      <UniqueIdentifier>{912a2cdb-4357-4a70-8c61-3d6e9a6d5f51}</UniqueIdentifier>
    </Filter>
    <Filter Include="Header Files\Solutions\DynamicProgramming">
      <UniqueIdentifier>{df88428b-78a7-4052-93b2-990a1dca6bdd}</UniqueIdentifier>
    </Filter>
    <Filter Include="Header Files\Solutions\String">
      <UniqueIdentifier>{1610a981-4ae4-4c0e-98c0-9b3cd197971a}</UniqueIdentifier>
    </Filter>
    <Filter Include="Header Files\Solutions\Tree">
      <UniqueIdentifier>{02b94918-4f8d-4878-b0ea-a21dee700f31}</UniqueIdentifier>
    </Filter>
  </ItemGroup>
  <ItemGroup>
    <ClInclude Include="pch.h">
      <Filter>Header Files</Filter>
    </ClInclude>
    <ClInclude Include="LongestSubstringWithoutRepeatingCharacters.h">
      <Filter>Header Files\0001-0100</Filter>
    </ClInclude>
    <ClInclude Include="MedianOfTwoSortedArrays.h">
      <Filter>Header Files\0001-0100</Filter>
    </ClInclude>
    <ClInclude Include="LongestPalindromicSubstring.h">
      <Filter>Header Files\0001-0100</Filter>
    </ClInclude>
    <ClInclude Include="LongestCommonPrefix.h">
      <Filter>Header Files\0001-0100</Filter>
    </ClInclude>
    <ClInclude Include="LetterCombinationsOfAPhoneNumber.h">
      <Filter>Header Files\0001-0100</Filter>
    </ClInclude>
    <ClInclude Include="IntegerToRoman.h">
      <Filter>Header Files\0001-0100</Filter>
    </ClInclude>
    <ClInclude Include="ContainerWithMostWater.h">
      <Filter>Header Files\0001-0100</Filter>
    </ClInclude>
    <ClInclude Include="AddTwoNumbers.h">
      <Filter>Header Files\0001-0100</Filter>
    </ClInclude>
    <ClInclude Include="4Sum.h">
      <Filter>Header Files\0001-0100</Filter>
    </ClInclude>
    <ClInclude Include="3SumClosest.h">
      <Filter>Header Files\0001-0100</Filter>
    </ClInclude>
    <ClInclude Include="3Sum.h">
      <Filter>Header Files\0001-0100</Filter>
    </ClInclude>
    <ClInclude Include="PalindromeNumber.h">
      <Filter>Header Files\0001-0100</Filter>
    </ClInclude>
    <ClInclude Include="RemoveNthNodeFromEndOfList.h">
      <Filter>Header Files\0001-0100</Filter>
    </ClInclude>
    <ClInclude Include="ReverseInteger.h">
      <Filter>Header Files\0001-0100</Filter>
    </ClInclude>
    <ClInclude Include="RomanToInteger.h">
      <Filter>Header Files\0001-0100</Filter>
    </ClInclude>
    <ClInclude Include="StringToInteger.h">
      <Filter>Header Files\0001-0100</Filter>
    </ClInclude>
    <ClInclude Include="TwoSum.h">
      <Filter>Header Files\0001-0100</Filter>
    </ClInclude>
    <ClInclude Include="ValidParentheses.h">
      <Filter>Header Files\0001-0100</Filter>
    </ClInclude>
    <ClInclude Include="ZigZagConversion.h">
      <Filter>Header Files\0001-0100</Filter>
    </ClInclude>
    <ClInclude Include="GenerateParentheses.h">
      <Filter>Header Files\0001-0100</Filter>
    </ClInclude>
    <ClInclude Include="MergeTwoSortedLists.h">
      <Filter>Header Files\0001-0100</Filter>
    </ClInclude>
    <ClInclude Include="MergeKSortedLists.h">
      <Filter>Header Files\0001-0100</Filter>
    </ClInclude>
    <ClInclude Include="SwapNodesInPairs.h">
      <Filter>Header Files\0001-0100</Filter>
    </ClInclude>
    <ClInclude Include="ReverseNodesInK-Group.h">
      <Filter>Header Files\0001-0100</Filter>
    </ClInclude>
    <ClInclude Include="RemoveDuplicatesFromSortedArray.h">
      <Filter>Header Files\0001-0100</Filter>
    </ClInclude>
    <ClInclude Include="RemoveElement.h">
      <Filter>Header Files\0001-0100</Filter>
    </ClInclude>
    <ClInclude Include="ImplementStrStr().h">
      <Filter>Header Files\0001-0100</Filter>
    </ClInclude>
    <ClInclude Include="DivideTwoIntegers.h">
      <Filter>Header Files\0001-0100</Filter>
    </ClInclude>
    <ClInclude Include="SubstringWithConcatenationOfAllWords.h">
      <Filter>Header Files\0001-0100</Filter>
    </ClInclude>
    <ClInclude Include="HQ.h">
      <Filter>Header Files</Filter>
    </ClInclude>
    <ClInclude Include="NextPermutation.h">
      <Filter>Header Files\0001-0100</Filter>
    </ClInclude>
    <ClInclude Include="LongestValidParentheses.h">
      <Filter>Header Files\0001-0100</Filter>
    </ClInclude>
    <ClInclude Include="SearchInRotatedSortedArray.h">
      <Filter>Header Files\0001-0100</Filter>
    </ClInclude>
    <ClInclude Include="Find First and Last Position of Element in Sorted Array.h">
      <Filter>Header Files\0001-0100</Filter>
    </ClInclude>
    <ClInclude Include="Search Insert Position.h">
      <Filter>Header Files\0001-0100</Filter>
    </ClInclude>
    <ClInclude Include="Valid Sudoku.h">
      <Filter>Header Files\0001-0100</Filter>
    </ClInclude>
    <ClInclude Include="Solutions\DynamicProgramming\DecodeWays.h">
      <Filter>Header Files\Solutions\DynamicProgramming</Filter>
    </ClInclude>
    <ClInclude Include="Solutions\DynamicProgramming\ClimbingStairs.h">
      <Filter>Header Files\Solutions\DynamicProgramming</Filter>
    </ClInclude>
    <ClInclude Include="Solutions\DynamicProgramming\BestTimeToBuyAndSellStock.h">
      <Filter>Header Files\Solutions\DynamicProgramming</Filter>
    </ClInclude>
    <ClInclude Include="Solutions\DynamicProgramming\HouseRobber.h">
      <Filter>Header Files\Solutions\DynamicProgramming</Filter>
    </ClInclude>
    <ClInclude Include="Solutions\DynamicProgramming\LongestIncreasingSubsequence.h">
      <Filter>Header Files\Solutions\DynamicProgramming</Filter>
    </ClInclude>
    <ClInclude Include="Solutions\DynamicProgramming\MaximumSubarray.h">
      <Filter>Header Files\Solutions\DynamicProgramming</Filter>
    </ClInclude>
    <ClInclude Include="Solutions\DynamicProgramming\PerfectSquares.h">
      <Filter>Header Files\Solutions\DynamicProgramming</Filter>
    </ClInclude>
    <ClInclude Include="Solutions\DynamicProgramming\RegularExpressionMatching.h">
      <Filter>Header Files\Solutions\DynamicProgramming</Filter>
    </ClInclude>
    <ClInclude Include="Solutions\DynamicProgramming\UniquePaths.h">
      <Filter>Header Files\Solutions\DynamicProgramming</Filter>
    </ClInclude>
    <ClInclude Include="Solutions\DynamicProgramming\WordBreak.h">
      <Filter>Header Files\Solutions\DynamicProgramming</Filter>
    </ClInclude>
    <ClInclude Include="Solutions\DynamicProgramming\MaximumProductSubarray.h">
      <Filter>Header Files\Solutions\DynamicProgramming</Filter>
    </ClInclude>
    <ClInclude Include="Solutions\DynamicProgramming\CoinChange.h">
      <Filter>Header Files\Solutions\DynamicProgramming</Filter>
    </ClInclude>
    <ClInclude Include="Solutions\DynamicProgramming\WildcardMatching.h">
      <Filter>Header Files\Solutions\DynamicProgramming</Filter>
    </ClInclude>
    <ClInclude Include="Solutions\DynamicProgramming\WordBreakII.h">
      <Filter>Header Files\Solutions\DynamicProgramming</Filter>
    </ClInclude>
    <ClInclude Include="Solutions\String\ReverseWordsInAString.h">
      <Filter>Header Files\Solutions\String</Filter>
    </ClInclude>
    <ClInclude Include="Solutions\Tree\TrimABinarySearchTree.h">
      <Filter>Header Files\Solutions\Tree</Filter>
    </ClInclude>
    <ClInclude Include="Solutions\Tree\MaximumDepthOfBinaryTree.h">
      <Filter>Header Files\Solutions\Tree</Filter>
    </ClInclude>
    <ClInclude Include="Solutions\Tree\SymmetricTree.h">
      <Filter>Header Files\Solutions\Tree</Filter>
    </ClInclude>
    <ClInclude Include="Solutions\Tree\InvertBinaryTree.h">
      <Filter>Header Files\Solutions\Tree</Filter>
    </ClInclude>
    <ClInclude Include="Solutions\Tree\DiameterOfBinaryTree.h">
      <Filter>Header Files\Solutions\Tree</Filter>
    </ClInclude>
  </ItemGroup>
  <ItemGroup>
    <ClCompile Include="pch.cpp">
      <Filter>Source Files</Filter>
    </ClCompile>
    <ClCompile Include="Coder.cpp">
      <Filter>Source Files</Filter>
    </ClCompile>
  </ItemGroup>
</Project>